version = 1
revision = 1
requires-python = ">=3.13"

[[package]]
name = "faker"
version = "37.4.0"
source = { registry = "https://pypi.org/simple" }
dependencies = [
    { name = "tzdata" },
]
sdist = { url = "https://files.pythonhosted.org/packages/65/f9/66af4019ee952fc84b8fe5b523fceb7f9e631ed8484417b6f1e3092f8290/faker-37.4.0.tar.gz", hash = "sha256:7f69d579588c23d5ce671f3fa872654ede0e67047820255f43a4aa1925b89780", size = 1901976 }
wheels = [
    { url = "https://files.pythonhosted.org/packages/78/5e/c8c3c5ea0896ab747db2e2889bf5a6f618ed291606de6513df56ad8670a8/faker-37.4.0-py3-none-any.whl", hash = "sha256:cb81c09ebe06c32a10971d1bbdb264bb0e22b59af59548f011ac4809556ce533", size = 1942992 },
]

[[package]]
name = "greenlet"
version = "3.2.3"
source = { registry = "https://pypi.org/simple" }
sdist = { url = "https://files.pythonhosted.org/packages/c9/92/bb85bd6e80148a4d2e0c59f7c0c2891029f8fd510183afc7d8d2feeed9b6/greenlet-3.2.3.tar.gz", hash = "sha256:8b0dd8ae4c0d6f5e54ee55ba935eeb3d735a9b58a8a1e5b5cbab64e01a39f365", size = 185752 }
wheels = [
    { url = "https://files.pythonhosted.org/packages/b1/cf/f5c0b23309070ae93de75c90d29300751a5aacefc0a3ed1b1d8edb28f08b/greenlet-3.2.3-cp313-cp313-macosx_11_0_universal2.whl", hash = "sha256:500b8689aa9dd1ab26872a34084503aeddefcb438e2e7317b89b11eaea1901ad", size = 270732 },
    { url = "https://files.pythonhosted.org/packages/48/ae/91a957ba60482d3fecf9be49bc3948f341d706b52ddb9d83a70d42abd498/greenlet-3.2.3-cp313-cp313-manylinux2014_aarch64.manylinux_2_17_aarch64.whl", hash = "sha256:a07d3472c2a93117af3b0136f246b2833fdc0b542d4a9799ae5f41c28323faef", size = 639033 },
    { url = "https://files.pythonhosted.org/packages/6f/df/20ffa66dd5a7a7beffa6451bdb7400d66251374ab40b99981478c69a67a8/greenlet-3.2.3-cp313-cp313-manylinux2014_ppc64le.manylinux_2_17_ppc64le.whl", hash = "sha256:8704b3768d2f51150626962f4b9a9e4a17d2e37c8a8d9867bbd9fa4eb938d3b3", size = 652999 },
    { url = "https://files.pythonhosted.org/packages/51/b4/ebb2c8cb41e521f1d72bf0465f2f9a2fd803f674a88db228887e6847077e/greenlet-3.2.3-cp313-cp313-manylinux2014_s390x.manylinux_2_17_s390x.whl", hash = "sha256:5035d77a27b7c62db6cf41cf786cfe2242644a7a337a0e155c80960598baab95", size = 647368 },
    { url = "https://files.pythonhosted.org/packages/8e/6a/1e1b5aa10dced4ae876a322155705257748108b7fd2e4fae3f2a091fe81a/greenlet-3.2.3-cp313-cp313-manylinux2014_x86_64.manylinux_2_17_x86_64.whl", hash = "sha256:2d8aa5423cd4a396792f6d4580f88bdc6efcb9205891c9d40d20f6e670992efb", size = 650037 },
    { url = "https://files.pythonhosted.org/packages/26/f2/ad51331a157c7015c675702e2d5230c243695c788f8f75feba1af32b3617/greenlet-3.2.3-cp313-cp313-manylinux_2_24_x86_64.manylinux_2_28_x86_64.whl", hash = "sha256:2c724620a101f8170065d7dded3f962a2aea7a7dae133a009cada42847e04a7b", size = 608402 },
    { url = "https://files.pythonhosted.org/packages/26/bc/862bd2083e6b3aff23300900a956f4ea9a4059de337f5c8734346b9b34fc/greenlet-3.2.3-cp313-cp313-musllinux_1_1_aarch64.whl", hash = "sha256:873abe55f134c48e1f2a6f53f7d1419192a3d1a4e873bace00499a4e45ea6af0", size = 1119577 },
    { url = "https://files.pythonhosted.org/packages/86/94/1fc0cc068cfde885170e01de40a619b00eaa8f2916bf3541744730ffb4c3/greenlet-3.2.3-cp313-cp313-musllinux_1_1_x86_64.whl", hash = "sha256:024571bbce5f2c1cfff08bf3fbaa43bbc7444f580ae13b0099e95d0e6e67ed36", size = 1147121 },
    { url = "https://files.pythonhosted.org/packages/27/1a/199f9587e8cb08a0658f9c30f3799244307614148ffe8b1e3aa22f324dea/greenlet-3.2.3-cp313-cp313-win_amd64.whl", hash = "sha256:5195fb1e75e592dd04ce79881c8a22becdfa3e6f500e7feb059b1e6fdd54d3e3", size = 297603 },
    { url = "https://files.pythonhosted.org/packages/d8/ca/accd7aa5280eb92b70ed9e8f7fd79dc50a2c21d8c73b9a0856f5b564e222/greenlet-3.2.3-cp314-cp314-macosx_11_0_universal2.whl", hash = "sha256:3d04332dddb10b4a211b68111dabaee2e1a073663d117dc10247b5b1642bac86", size = 271479 },
    { url = "https://files.pythonhosted.org/packages/55/71/01ed9895d9eb49223280ecc98a557585edfa56b3d0e965b9fa9f7f06b6d9/greenlet-3.2.3-cp314-cp314-manylinux2014_aarch64.manylinux_2_17_aarch64.whl", hash = "sha256:8186162dffde068a465deab08fc72c767196895c39db26ab1c17c0b77a6d8b97", size = 683952 },
    { url = "https://files.pythonhosted.org/packages/ea/61/638c4bdf460c3c678a0a1ef4c200f347dff80719597e53b5edb2fb27ab54/greenlet-3.2.3-cp314-cp314-manylinux2014_ppc64le.manylinux_2_17_ppc64le.whl", hash = "sha256:f4bfbaa6096b1b7a200024784217defedf46a07c2eee1a498e94a1b5f8ec5728", size = 696917 },
    { url = "https://files.pythonhosted.org/packages/22/cc/0bd1a7eb759d1f3e3cc2d1bc0f0b487ad3cc9f34d74da4b80f226fde4ec3/greenlet-3.2.3-cp314-cp314-manylinux2014_s390x.manylinux_2_17_s390x.whl", hash = "sha256:ed6cfa9200484d234d8394c70f5492f144b20d4533f69262d530a1a082f6ee9a", size = 692443 },
    { url = "https://files.pythonhosted.org/packages/67/10/b2a4b63d3f08362662e89c103f7fe28894a51ae0bc890fabf37d1d780e52/greenlet-3.2.3-cp314-cp314-manylinux2014_x86_64.manylinux_2_17_x86_64.whl", hash = "sha256:02b0df6f63cd15012bed5401b47829cfd2e97052dc89da3cfaf2c779124eb892", size = 692995 },
    { url = "https://files.pythonhosted.org/packages/5a/c6/ad82f148a4e3ce9564056453a71529732baf5448ad53fc323e37efe34f66/greenlet-3.2.3-cp314-cp314-manylinux_2_24_x86_64.manylinux_2_28_x86_64.whl", hash = "sha256:86c2d68e87107c1792e2e8d5399acec2487a4e993ab76c792408e59394d52141", size = 655320 },
    { url = "https://files.pythonhosted.org/packages/5c/4f/aab73ecaa6b3086a4c89863d94cf26fa84cbff63f52ce9bc4342b3087a06/greenlet-3.2.3-cp314-cp314-win_amd64.whl", hash = "sha256:8c47aae8fbbfcf82cc13327ae802ba13c9c36753b67e760023fd116bc124a62a", size = 301236 },
]

[[package]]
name = "sqlalchemy"
version = "2.0.41"
source = { registry = "https://pypi.org/simple" }
dependencies = [
    { name = "greenlet", marker = "(python_full_version < '3.14' and platform_machine == 'AMD64') or (python_full_version < '3.14' and platform_machine == 'WIN32') or (python_full_version < '3.14' and platform_machine == 'aarch64') or (python_full_version < '3.14' and platform_machine == 'amd64') or (python_full_version < '3.14' and platform_machine == 'ppc64le') or (python_full_version < '3.14' and platform_machine == 'win32') or (python_full_version < '3.14' and platform_machine == 'x86_64')" },
    { name = "typing-extensions" },
]
sdist = { url = "https://files.pythonhosted.org/packages/63/66/45b165c595ec89aa7dcc2c1cd222ab269bc753f1fc7a1e68f8481bd957bf/sqlalchemy-2.0.41.tar.gz", hash = "sha256:edba70118c4be3c2b1f90754d308d0b79c6fe2c0fdc52d8ddf603916f83f4db9", size = 9689424 }
wheels = [
    { url = "https://files.pythonhosted.org/packages/d3/ad/2e1c6d4f235a97eeef52d0200d8ddda16f6c4dd70ae5ad88c46963440480/sqlalchemy-2.0.41-cp313-cp313-macosx_10_13_x86_64.whl", hash = "sha256:4eeb195cdedaf17aab6b247894ff2734dcead6c08f748e617bfe05bd5a218443", size = 2115491 },
    { url = "https://files.pythonhosted.org/packages/cf/8d/be490e5db8400dacc89056f78a52d44b04fbf75e8439569d5b879623a53b/sqlalchemy-2.0.41-cp313-cp313-macosx_11_0_arm64.whl", hash = "sha256:d4ae769b9c1c7757e4ccce94b0641bc203bbdf43ba7a2413ab2523d8d047d8dc", size = 2102827 },
    { url = "https://files.pythonhosted.org/packages/a0/72/c97ad430f0b0e78efaf2791342e13ffeafcbb3c06242f01a3bb8fe44f65d/sqlalchemy-2.0.41-cp313-cp313-manylinux_2_17_aarch64.manylinux2014_aarch64.whl", hash = "sha256:a62448526dd9ed3e3beedc93df9bb6b55a436ed1474db31a2af13b313a70a7e1", size = 3225224 },
    { url = "https://files.pythonhosted.org/packages/5e/51/5ba9ea3246ea068630acf35a6ba0d181e99f1af1afd17e159eac7e8bc2b8/sqlalchemy-2.0.41-cp313-cp313-manylinux_2_17_x86_64.manylinux2014_x86_64.whl", hash = "sha256:dc56c9788617b8964ad02e8fcfeed4001c1f8ba91a9e1f31483c0dffb207002a", size = 3230045 },
    { url = "https://files.pythonhosted.org/packages/78/2f/8c14443b2acea700c62f9b4a8bad9e49fc1b65cfb260edead71fd38e9f19/sqlalchemy-2.0.41-cp313-cp313-musllinux_1_2_aarch64.whl", hash = "sha256:c153265408d18de4cc5ded1941dcd8315894572cddd3c58df5d5b5705b3fa28d", size = 3159357 },
    { url = "https://files.pythonhosted.org/packages/fc/b2/43eacbf6ccc5276d76cea18cb7c3d73e294d6fb21f9ff8b4eef9b42bbfd5/sqlalchemy-2.0.41-cp313-cp313-musllinux_1_2_x86_64.whl", hash = "sha256:4f67766965996e63bb46cfbf2ce5355fc32d9dd3b8ad7e536a920ff9ee422e23", size = 3197511 },
    { url = "https://files.pythonhosted.org/packages/fa/2e/677c17c5d6a004c3c45334ab1dbe7b7deb834430b282b8a0f75ae220c8eb/sqlalchemy-2.0.41-cp313-cp313-win32.whl", hash = "sha256:bfc9064f6658a3d1cadeaa0ba07570b83ce6801a1314985bf98ec9b95d74e15f", size = 2082420 },
    { url = "https://files.pythonhosted.org/packages/e9/61/e8c1b9b6307c57157d328dd8b8348ddc4c47ffdf1279365a13b2b98b8049/sqlalchemy-2.0.41-cp313-cp313-win_amd64.whl", hash = "sha256:82ca366a844eb551daff9d2e6e7a9e5e76d2612c8564f58db6c19a726869c1df", size = 2108329 },
    { url = "https://files.pythonhosted.org/packages/1c/fc/9ba22f01b5cdacc8f5ed0d22304718d2c758fce3fd49a5372b886a86f37c/sqlalchemy-2.0.41-py3-none-any.whl", hash = "sha256:57df5dc6fdb5ed1a88a1ed2195fd31927e705cad62dedd86b46972752a80f576", size = 1911224 },
]

[[package]]
name = "trabalho-final-grupo-16"
version = "0.1.0"
source = { virtual = "." }
dependencies = [
    { name = "faker" },
    { name = "sqlalchemy" },
]

[package.metadata]
requires-dist = [
    { name = "faker", specifier = ">=37.4.0" },
    { name = "sqlalchemy", specifier = ">=2.0.41" },
]

[[package]]
name = "typing-extensions"
version = "4.14.0"
source = { registry = "https://pypi.org/simple" }
sdist = { url = "https://files.pythonhosted.org/packages/d1/bc/51647cd02527e87d05cb083ccc402f93e441606ff1f01739a62c8ad09ba5/typing_extensions-4.14.0.tar.gz", hash = "sha256:8676b788e32f02ab42d9e7c61324048ae4c6d844a399eebace3d4979d75ceef4", size = 107423 }
wheels = [
    { url = "https://files.pythonhosted.org/packages/69/e0/552843e0d356fbb5256d21449fa957fa4eff3bbc135a74a691ee70c7c5da/typing_extensions-4.14.0-py3-none-any.whl", hash = "sha256:a1514509136dd0b477638fc68d6a91497af5076466ad0fa6c338e44e359944af", size = 43839 },
]

[[package]]
name = "tzdata"
version = "2025.2"
source = { registry = "https://pypi.org/simple" }
sdist = { url = "https://files.pythonhosted.org/packages/95/32/1a225d6164441be760d75c2c42e2780dc0873fe382da3e98a2e1e48361e5/tzdata-2025.2.tar.gz", hash = "sha256:b60a638fcc0daffadf82fe0f57e53d06bdec2f36c4df66280ae79bce6bd6f2b9", size = 196380 }
wheels = [
    { url = "https://files.pythonhosted.org/packages/5c/23/c7abc0ca0a1526a0774eca151daeb8de62ec457e77262b66b359c3c7679e/tzdata-2025.2-py2.py3-none-any.whl", hash = "sha256:1a403fada01ff9221ca8044d701868fa132215d84beb92242d9acd2147f667a8", size = 347839 },
]
